
Microsoft Visual Studio Solution File, Format Version 12.00
# Visual Studio 15
VisualStudioVersion = 15.0.26430.6
MinimumVisualStudioVersion = 10.0.40219.1
Project("{D954291E-2A0B-460D-934E-DC6B0785DB48}") = "MobileAppHowest", "MobileAppHowest\MobileAppHowest\MobileAppHowest.shproj", "{C806AD50-D91B-4105-9263-91272C36340A}"
EndProject
Project("{FAE04EC0-301F-11D3-BF4B-00C04F79EFBC}") = "MobileAppHowest.Android", "MobileAppHowest\MobileAppHowest.Android\MobileAppHowest.Android.csproj", "{7E6EBF16-B8E8-454F-8314-8A3930086720}"
EndProject
Project("{FAE04EC0-301F-11D3-BF4B-00C04F79EFBC}") = "MobileAppHowest.UWP", "MobileAppHowest\MobileAppHowest.UWP\MobileAppHowest.UWP.csproj", "{3DDF4921-8BF2-4035-A426-61F83025C849}"
EndProject
Global
	GlobalSection(SharedMSBuildProjectFiles) = preSolution
		MobileAppHowest\MobileAppHowest\MobileAppHowest.projitems*{3ddf4921-8bf2-4035-a426-61f83025c849}*SharedItemsImports = 4
		MobileAppHowest\MobileAppHowest\MobileAppHowest.projitems*{7e6ebf16-b8e8-454f-8314-8a3930086720}*SharedItemsImports = 4
		MobileAppHowest\MobileAppHowest\MobileAppHowest.projitems*{c806ad50-d91b-4105-9263-91272c36340a}*SharedItemsImports = 13
	EndGlobalSection
	GlobalSection(SolutionConfigurationPlatforms) = preSolution
		Ad-Hoc|Any CPU = Ad-Hoc|Any CPU
		Ad-Hoc|ARM = Ad-Hoc|ARM
		Ad-Hoc|iPhone = Ad-Hoc|iPhone
		Ad-Hoc|iPhoneSimulator = Ad-Hoc|iPhoneSimulator
		Ad-Hoc|x64 = Ad-Hoc|x64
		Ad-Hoc|x86 = Ad-Hoc|x86
		AppStore|Any CPU = AppStore|Any CPU
		AppStore|ARM = AppStore|ARM
		AppStore|iPhone = AppStore|iPhone
		AppStore|iPhoneSimulator = AppStore|iPhoneSimulator
		AppStore|x64 = AppStore|x64
		AppStore|x86 = AppStore|x86
		Debug|Any CPU = Debug|Any CPU
		Debug|ARM = Debug|ARM
		Debug|iPhone = Debug|iPhone
		Debug|iPhoneSimulator = Debug|iPhoneSimulator
		Debug|x64 = Debug|x64
		Debug|x86 = Debug|x86
		Release|Any CPU = Release|Any CPU
		Release|ARM = Release|ARM
		Release|iPhone = Release|iPhone
		Release|iPhoneSimulator = Release|iPhoneSimulator
		Release|x64 = Release|x64
		Release|x86 = Release|x86
	EndGlobalSection
	GlobalSection(ProjectConfigurationPlatforms) = postSolution
		{7E6EBF16-B8E8-454F-8314-8A3930086720}.Ad-Hoc|Any CPU.ActiveCfg = Release|Any CPU
		{7E6EBF16-B8E8-454F-8314-8A3930086720}.Ad-Hoc|Any CPU.Build.0 = Release|Any CPU
		{7E6EBF16-B8E8-454F-8314-8A3930086720}.Ad-Hoc|Any CPU.Deploy.0 = Release|Any CPU
		{7E6EBF16-B8E8-454F-8314-8A3930086720}.Ad-Hoc|ARM.ActiveCfg = Release|Any CPU
		{7E6EBF16-B8E8-454F-8314-8A3930086720}.Ad-Hoc|ARM.Build.0 = Release|Any CPU
		{7E6EBF16-B8E8-454F-8314-8A3930086720}.Ad-Hoc|ARM.Deploy.0 = Release|Any CPU
		{7E6EBF16-B8E8-454F-8314-8A3930086720}.Ad-Hoc|iPhone.ActiveCfg = Release|Any CPU
		{7E6EBF16-B8E8-454F-8314-8A3930086720}.Ad-Hoc|iPhone.Build.0 = Release|Any CPU
		{7E6EBF16-B8E8-454F-8314-8A3930086720}.Ad-Hoc|iPhone.Deploy.0 = Release|Any CPU
		{7E6EBF16-B8E8-454F-8314-8A3930086720}.Ad-Hoc|iPhoneSimulator.ActiveCfg = Release|Any CPU
		{7E6EBF16-B8E8-454F-8314-8A3930086720}.Ad-Hoc|iPhoneSimulator.Build.0 = Release|Any CPU
		{7E6EBF16-B8E8-454F-8314-8A3930086720}.Ad-Hoc|iPhoneSimulator.Deploy.0 = Release|Any CPU
		{7E6EBF16-B8E8-454F-8314-8A3930086720}.Ad-Hoc|x64.ActiveCfg = Release|Any CPU
		{7E6EBF16-B8E8-454F-8314-8A3930086720}.Ad-Hoc|x64.Build.0 = Release|Any CPU
		{7E6EBF16-B8E8-454F-8314-8A3930086720}.Ad-Hoc|x64.Deploy.0 = Release|Any CPU
		{7E6EBF16-B8E8-454F-8314-8A3930086720}.Ad-Hoc|x86.ActiveCfg = Release|Any CPU
		{7E6EBF16-B8E8-454F-8314-8A3930086720}.Ad-Hoc|x86.Build.0 = Release|Any CPU
		{7E6EBF16-B8E8-454F-8314-8A3930086720}.Ad-Hoc|x86.Deploy.0 = Release|Any CPU
		{7E6EBF16-B8E8-454F-8314-8A3930086720}.AppStore|Any CPU.ActiveCfg = Release|Any CPU
		{7E6EBF16-B8E8-454F-8314-8A3930086720}.AppStore|Any CPU.Build.0 = Release|Any CPU
		{7E6EBF16-B8E8-454F-8314-8A3930086720}.AppStore|Any CPU.Deploy.0 = Release|Any CPU
		{7E6EBF16-B8E8-454F-8314-8A3930086720}.AppStore|ARM.ActiveCfg = Release|Any CPU
		{7E6EBF16-B8E8-454F-8314-8A3930086720}.AppStore|ARM.Build.0 = Release|Any CPU
		{7E6EBF16-B8E8-454F-8314-8A3930086720}.AppStore|ARM.Deploy.0 = Release|Any CPU
		{7E6EBF16-B8E8-454F-8314-8A3930086720}.AppStore|iPhone.ActiveCfg = Release|Any CPU
		{7E6EBF16-B8E8-454F-8314-8A3930086720}.AppStore|iPhone.Build.0 = Release|Any CPU
		{7E6EBF16-B8E8-454F-8314-8A3930086720}.AppStore|iPhone.Deploy.0 = Release|Any CPU
		{7E6EBF16-B8E8-454F-8314-8A3930086720}.AppStore|iPhoneSimulator.ActiveCfg = Release|Any CPU
		{7E6EBF16-B8E8-454F-8314-8A3930086720}.AppStore|iPhoneSimulator.Build.0 = Release|Any CPU
		{7E6EBF16-B8E8-454F-8314-8A3930086720}.AppStore|iPhoneSimulator.Deploy.0 = Release|Any CPU
		{7E6EBF16-B8E8-454F-8314-8A3930086720}.AppStore|x64.ActiveCfg = Release|Any CPU
		{7E6EBF16-B8E8-454F-8314-8A3930086720}.AppStore|x64.Build.0 = Release|Any CPU
		{7E6EBF16-B8E8-454F-8314-8A3930086720}.AppStore|x64.Deploy.0 = Release|Any CPU
		{7E6EBF16-B8E8-454F-8314-8A3930086720}.AppStore|x86.ActiveCfg = Release|Any CPU
		{7E6EBF16-B8E8-454F-8314-8A3930086720}.AppStore|x86.Build.0 = Release|Any CPU
		{7E6EBF16-B8E8-454F-8314-8A3930086720}.AppStore|x86.Deploy.0 = Release|Any CPU
		{7E6EBF16-B8E8-454F-8314-8A3930086720}.Debug|Any CPU.ActiveCfg = Debug|Any CPU
		{7E6EBF16-B8E8-454F-8314-8A3930086720}.Debug|Any CPU.Build.0 = Debug|Any CPU
		{7E6EBF16-B8E8-454F-8314-8A3930086720}.Debug|Any CPU.Deploy.0 = Debug|Any CPU
		{7E6EBF16-B8E8-454F-8314-8A3930086720}.Debug|ARM.ActiveCfg = Debug|Any CPU
		{7E6EBF16-B8E8-454F-8314-8A3930086720}.Debug|ARM.Build.0 = Debug|Any CPU
		{7E6EBF16-B8E8-454F-8314-8A3930086720}.Debug|ARM.Deploy.0 = Debug|Any CPU
		{7E6EBF16-B8E8-454F-8314-8A3930086720}.Debug|iPhone.ActiveCfg = Debug|Any CPU
		{7E6EBF16-B8E8-454F-8314-8A3930086720}.Debug|iPhone.Build.0 = Debug|Any CPU
		{7E6EBF16-B8E8-454F-8314-8A3930086720}.Debug|iPhone.Deploy.0 = Debug|Any CPU
		{7E6EBF16-B8E8-454F-8314-8A3930086720}.Debug|iPhoneSimulator.ActiveCfg = Debug|Any CPU
		{7E6EBF16-B8E8-454F-8314-8A3930086720}.Debug|iPhoneSimulator.Build.0 = Debug|Any CPU
		{7E6EBF16-B8E8-454F-8314-8A3930086720}.Debug|iPhoneSimulator.Deploy.0 = Debug|Any CPU
		{7E6EBF16-B8E8-454F-8314-8A3930086720}.Debug|x64.ActiveCfg = Debug|Any CPU
		{7E6EBF16-B8E8-454F-8314-8A3930086720}.Debug|x64.Build.0 = Debug|Any CPU
		{7E6EBF16-B8E8-454F-8314-8A3930086720}.Debug|x64.Deploy.0 = Debug|Any CPU
		{7E6EBF16-B8E8-454F-8314-8A3930086720}.Debug|x86.ActiveCfg = Debug|Any CPU
		{7E6EBF16-B8E8-454F-8314-8A3930086720}.Debug|x86.Build.0 = Debug|Any CPU
		{7E6EBF16-B8E8-454F-8314-8A3930086720}.Debug|x86.Deploy.0 = Debug|Any CPU
		{7E6EBF16-B8E8-454F-8314-8A3930086720}.Release|Any CPU.ActiveCfg = Release|Any CPU
		{7E6EBF16-B8E8-454F-8314-8A3930086720}.Release|Any CPU.Build.0 = Release|Any CPU
		{7E6EBF16-B8E8-454F-8314-8A3930086720}.Release|Any CPU.Deploy.0 = Release|Any CPU
		{7E6EBF16-B8E8-454F-8314-8A3930086720}.Release|ARM.ActiveCfg = Release|Any CPU
		{7E6EBF16-B8E8-454F-8314-8A3930086720}.Release|ARM.Build.0 = Release|Any CPU
		{7E6EBF16-B8E8-454F-8314-8A3930086720}.Release|ARM.Deploy.0 = Release|Any CPU
		{7E6EBF16-B8E8-454F-8314-8A3930086720}.Release|iPhone.ActiveCfg = Release|Any CPU
		{7E6EBF16-B8E8-454F-8314-8A3930086720}.Release|iPhone.Build.0 = Release|Any CPU
		{7E6EBF16-B8E8-454F-8314-8A3930086720}.Release|iPhone.Deploy.0 = Release|Any CPU
		{7E6EBF16-B8E8-454F-8314-8A3930086720}.Release|iPhoneSimulator.ActiveCfg = Release|Any CPU
		{7E6EBF16-B8E8-454F-8314-8A3930086720}.Release|iPhoneSimulator.Build.0 = Release|Any CPU
		{7E6EBF16-B8E8-454F-8314-8A3930086720}.Release|iPhoneSimulator.Deploy.0 = Release|Any CPU
		{7E6EBF16-B8E8-454F-8314-8A3930086720}.Release|x64.ActiveCfg = Release|Any CPU
		{7E6EBF16-B8E8-454F-8314-8A3930086720}.Release|x64.Build.0 = Release|Any CPU
		{7E6EBF16-B8E8-454F-8314-8A3930086720}.Release|x64.Deploy.0 = Release|Any CPU
		{7E6EBF16-B8E8-454F-8314-8A3930086720}.Release|x86.ActiveCfg = Release|Any CPU
		{7E6EBF16-B8E8-454F-8314-8A3930086720}.Release|x86.Build.0 = Release|Any CPU
		{7E6EBF16-B8E8-454F-8314-8A3930086720}.Release|x86.Deploy.0 = Release|Any CPU
		{3DDF4921-8BF2-4035-A426-61F83025C849}.Ad-Hoc|Any CPU.ActiveCfg = Release|x86
		{3DDF4921-8BF2-4035-A426-61F83025C849}.Ad-Hoc|Any CPU.Build.0 = Release|x86
		{3DDF4921-8BF2-4035-A426-61F83025C849}.Ad-Hoc|Any CPU.Deploy.0 = Release|x86
		{3DDF4921-8BF2-4035-A426-61F83025C849}.Ad-Hoc|ARM.ActiveCfg = Release|ARM
		{3DDF4921-8BF2-4035-A426-61F83025C849}.Ad-Hoc|ARM.Build.0 = Release|ARM
		{3DDF4921-8BF2-4035-A426-61F83025C849}.Ad-Hoc|ARM.Deploy.0 = Release|ARM
		{3DDF4921-8BF2-4035-A426-61F83025C849}.Ad-Hoc|iPhone.ActiveCfg = Release|x86
		{3DDF4921-8BF2-4035-A426-61F83025C849}.Ad-Hoc|iPhone.Build.0 = Release|x86
		{3DDF4921-8BF2-4035-A426-61F83025C849}.Ad-Hoc|iPhone.Deploy.0 = Release|x86
		{3DDF4921-8BF2-4035-A426-61F83025C849}.Ad-Hoc|iPhoneSimulator.ActiveCfg = Release|x86
		{3DDF4921-8BF2-4035-A426-61F83025C849}.Ad-Hoc|iPhoneSimulator.Build.0 = Release|x86
		{3DDF4921-8BF2-4035-A426-61F83025C849}.Ad-Hoc|iPhoneSimulator.Deploy.0 = Release|x86
		{3DDF4921-8BF2-4035-A426-61F83025C849}.Ad-Hoc|x64.ActiveCfg = Release|x64
		{3DDF4921-8BF2-4035-A426-61F83025C849}.Ad-Hoc|x64.Build.0 = Release|x64
		{3DDF4921-8BF2-4035-A426-61F83025C849}.Ad-Hoc|x64.Deploy.0 = Release|x64
		{3DDF4921-8BF2-4035-A426-61F83025C849}.Ad-Hoc|x86.ActiveCfg = Release|x86
		{3DDF4921-8BF2-4035-A426-61F83025C849}.Ad-Hoc|x86.Build.0 = Release|x86
		{3DDF4921-8BF2-4035-A426-61F83025C849}.Ad-Hoc|x86.Deploy.0 = Release|x86
		{3DDF4921-8BF2-4035-A426-61F83025C849}.AppStore|Any CPU.ActiveCfg = Release|x86
		{3DDF4921-8BF2-4035-A426-61F83025C849}.AppStore|Any CPU.Build.0 = Release|x86
		{3DDF4921-8BF2-4035-A426-61F83025C849}.AppStore|Any CPU.Deploy.0 = Release|x86
		{3DDF4921-8BF2-4035-A426-61F83025C849}.AppStore|ARM.ActiveCfg = Release|ARM
		{3DDF4921-8BF2-4035-A426-61F83025C849}.AppStore|ARM.Build.0 = Release|ARM
		{3DDF4921-8BF2-4035-A426-61F83025C849}.AppStore|ARM.Deploy.0 = Release|ARM
		{3DDF4921-8BF2-4035-A426-61F83025C849}.AppStore|iPhone.ActiveCfg = Release|x86
		{3DDF4921-8BF2-4035-A426-61F83025C849}.AppStore|iPhone.Build.0 = Release|x86
		{3DDF4921-8BF2-4035-A426-61F83025C849}.AppStore|iPhone.Deploy.0 = Release|x86
		{3DDF4921-8BF2-4035-A426-61F83025C849}.AppStore|iPhoneSimulator.ActiveCfg = Release|x86
		{3DDF4921-8BF2-4035-A426-61F83025C849}.AppStore|iPhoneSimulator.Build.0 = Release|x86
		{3DDF4921-8BF2-4035-A426-61F83025C849}.AppStore|iPhoneSimulator.Deploy.0 = Release|x86
		{3DDF4921-8BF2-4035-A426-61F83025C849}.AppStore|x64.ActiveCfg = Release|x64
		{3DDF4921-8BF2-4035-A426-61F83025C849}.AppStore|x64.Build.0 = Release|x64
		{3DDF4921-8BF2-4035-A426-61F83025C849}.AppStore|x64.Deploy.0 = Release|x64
		{3DDF4921-8BF2-4035-A426-61F83025C849}.AppStore|x86.ActiveCfg = Release|x86
		{3DDF4921-8BF2-4035-A426-61F83025C849}.AppStore|x86.Build.0 = Release|x86
		{3DDF4921-8BF2-4035-A426-61F83025C849}.AppStore|x86.Deploy.0 = Release|x86
		{3DDF4921-8BF2-4035-A426-61F83025C849}.Debug|Any CPU.ActiveCfg = Debug|x86
		{3DDF4921-8BF2-4035-A426-61F83025C849}.Debug|ARM.ActiveCfg = Debug|ARM
		{3DDF4921-8BF2-4035-A426-61F83025C849}.Debug|ARM.Build.0 = Debug|ARM
		{3DDF4921-8BF2-4035-A426-61F83025C849}.Debug|ARM.Deploy.0 = Debug|ARM
		{3DDF4921-8BF2-4035-A426-61F83025C849}.Debug|iPhone.ActiveCfg = Debug|x86
		{3DDF4921-8BF2-4035-A426-61F83025C849}.Debug|iPhoneSimulator.ActiveCfg = Debug|x86
		{3DDF4921-8BF2-4035-A426-61F83025C849}.Debug|x64.ActiveCfg = Debug|x64
		{3DDF4921-8BF2-4035-A426-61F83025C849}.Debug|x64.Build.0 = Debug|x64
		{3DDF4921-8BF2-4035-A426-61F83025C849}.Debug|x64.Deploy.0 = Debug|x64
		{3DDF4921-8BF2-4035-A426-61F83025C849}.Debug|x86.ActiveCfg = Debug|x86
		{3DDF4921-8BF2-4035-A426-61F83025C849}.Debug|x86.Build.0 = Debug|x86
		{3DDF4921-8BF2-4035-A426-61F83025C849}.Debug|x86.Deploy.0 = Debug|x86
		{3DDF4921-8BF2-4035-A426-61F83025C849}.Release|Any CPU.ActiveCfg = Release|x86
		{3DDF4921-8BF2-4035-A426-61F83025C849}.Release|ARM.ActiveCfg = Release|ARM
		{3DDF4921-8BF2-4035-A426-61F83025C849}.Release|ARM.Build.0 = Release|ARM
		{3DDF4921-8BF2-4035-A426-61F83025C849}.Release|ARM.Deploy.0 = Release|ARM
		{3DDF4921-8BF2-4035-A426-61F83025C849}.Release|iPhone.ActiveCfg = Release|x86
		{3DDF4921-8BF2-4035-A426-61F83025C849}.Release|iPhoneSimulator.ActiveCfg = Release|x86
		{3DDF4921-8BF2-4035-A426-61F83025C849}.Release|x64.ActiveCfg = Release|x64
		{3DDF4921-8BF2-4035-A426-61F83025C849}.Release|x64.Build.0 = Release|x64
		{3DDF4921-8BF2-4035-A426-61F83025C849}.Release|x64.Deploy.0 = Release|x64
		{3DDF4921-8BF2-4035-A426-61F83025C849}.Release|x86.ActiveCfg = Release|x86
		{3DDF4921-8BF2-4035-A426-61F83025C849}.Release|x86.Build.0 = Release|x86
		{3DDF4921-8BF2-4035-A426-61F83025C849}.Release|x86.Deploy.0 = Release|x86
	EndGlobalSection
	GlobalSection(SolutionProperties) = preSolution
		HideSolutionNode = FALSE
	EndGlobalSection
EndGlobal
